
Microsoft Visual Studio Solution File, Format Version 12.00
# Visual Studio Version 16
VisualStudioVersion = 16.0.30804.86
MinimumVisualStudioVersion = 10.0.40219.1
Project("{FAE04EC0-301F-11D3-BF4B-00C04F79EFBC}") = "ClassMetotDemo", "ClassMetotDemo\ClassMetotDemo.csproj", "{44579716-7E1C-49FA-B2FF-4DFC92818FAB}"
EndProject
Global
	GlobalSection(SolutionConfigurationPlatforms) = preSolution
		Debug|Any CPU = Debug|Any CPU
		Release|Any CPU = Release|Any CPU
	EndGlobalSection
	GlobalSection(ProjectConfigurationPlatforms) = postSolution
		{44579716-7E1C-49FA-B2FF-4DFC92818FAB}.Debug|Any CPU.ActiveCfg = Debug|Any CPU
		{44579716-7E1C-49FA-B2FF-4DFC92818FAB}.Debug|Any CPU.Build.0 = Debug|Any CPU
		{44579716-7E1C-49FA-B2FF-4DFC92818FAB}.Release|Any CPU.ActiveCfg = Release|Any CPU
		{44579716-7E1C-49FA-B2FF-4DFC92818FAB}.Release|Any CPU.Build.0 = Release|Any CPU
	EndGlobalSection
	GlobalSection(SolutionProperties) = preSolution
		HideSolutionNode = FALSE
	EndGlobalSection
	GlobalSection(ExtensibilityGlobals) = postSolution
		SolutionGuid = {BF9C20F6-87F8-40A0-9BE5-D08559687C1C}
	EndGlobalSection
EndGlobal
